// !$*UTF8*$!
{
	archiveVersion = 1;
	classes = {
	};
	objectVersion = 46;
	objects = {

/* Begin PBXBuildFile section */
		56F5B4071CC13E8E00218DA0 /* AppDelegate.swift in Sources */ = {isa = PBXBuildFile; fileRef = 56F5B4061CC13E8E00218DA0 /* AppDelegate.swift */; };
		56F5B4091CC13E8E00218DA0 /* ViewController.swift in Sources */ = {isa = PBXBuildFile; fileRef = 56F5B4081CC13E8E00218DA0 /* ViewController.swift */; };
		56F5B40C1CC13E8E00218DA0 /* Main.storyboard in Resources */ = {isa = PBXBuildFile; fileRef = 56F5B40A1CC13E8E00218DA0 /* Main.storyboard */; };
		56F5B40E1CC13E8E00218DA0 /* Assets.xcassets in Resources */ = {isa = PBXBuildFile; fileRef = 56F5B40D1CC13E8E00218DA0 /* Assets.xcassets */; };
		56F5B4111CC13E8E00218DA0 /* LaunchScreen.storyboard in Resources */ = {isa = PBXBuildFile; fileRef = 56F5B40F1CC13E8E00218DA0 /* LaunchScreen.storyboard */; };
		56F5B41C1CC13E8F00218DA0 /* DrawerAppTests.swift in Sources */ = {isa = PBXBuildFile; fileRef = 56F5B41B1CC13E8F00218DA0 /* DrawerAppTests.swift */; };
		56F5B4271CC13E8F00218DA0 /* DrawerAppUITests.swift in Sources */ = {isa = PBXBuildFile; fileRef = 56F5B4261CC13E8F00218DA0 /* DrawerAppUITests.swift */; };
		56F5B4351CC13F0300218DA0 /* Drawer.swift in Sources */ = {isa = PBXBuildFile; fileRef = 56F5B4341CC13F0300218DA0 /* Drawer.swift */; };
		56F5B4371CC1410D00218DA0 /* Line.swift in Sources */ = {isa = PBXBuildFile; fileRef = 56F5B4361CC1410D00218DA0 /* Line.swift */; };
/* End PBXBuildFile section */

/* Begin PBXContainerItemProxy section */
		56F5B4181CC13E8F00218DA0 /* PBXContainerItemProxy */ = {
			isa = PBXContainerItemProxy;
			containerPortal = 56F5B3FB1CC13E8E00218DA0 /* Project object */;
			proxyType = 1;
			remoteGlobalIDString = 56F5B4021CC13E8E00218DA0;
			remoteInfo = DrawerApp;
		};
		56F5B4231CC13E8F00218DA0 /* PBXContainerItemProxy */ = {
			isa = PBXContainerItemProxy;
			containerPortal = 56F5B3FB1CC13E8E00218DA0 /* Project object */;
			proxyType = 1;
			remoteGlobalIDString = 56F5B4021CC13E8E00218DA0;
			remoteInfo = DrawerApp;
		};
/* End PBXContainerItemProxy section */

/* Begin PBXFileReference section */
		56F5B4031CC13E8E00218DA0 /* DrawerApp.app */ = {isa = PBXFileReference; explicitFileType = wrapper.application; includeInIndex = 0; path = DrawerApp.app; sourceTree = BUILT_PRODUCTS_DIR; };
		56F5B4061CC13E8E00218DA0 /* AppDelegate.swift */ = {isa = PBXFileReference; lastKnownFileType = sourcecode.swift; path = AppDelegate.swift; sourceTree = "<group>"; };
		56F5B4081CC13E8E00218DA0 /* ViewController.swift */ = {isa = PBXFileReference; lastKnownFileType = sourcecode.swift; path = ViewController.swift; sourceTree = "<group>"; };
		56F5B40B1CC13E8E00218DA0 /* Base */ = {isa = PBXFileReference; lastKnownFileType = file.storyboard; name = Base; path = Base.lproj/Main.storyboard; sourceTree = "<group>"; };
		56F5B40D1CC13E8E00218DA0 /* Assets.xcassets */ = {isa = PBXFileReference; lastKnownFileType = folder.assetcatalog; path = Assets.xcassets; sourceTree = "<group>"; };
		56F5B4101CC13E8E00218DA0 /* Base */ = {isa = PBXFileReference; lastKnownFileType = file.storyboard; name = Base; path = Base.lproj/LaunchScreen.storyboard; sourceTree = "<group>"; };
		56F5B4121CC13E8E00218DA0 /* Info.plist */ = {isa = PBXFileReference; lastKnownFileType = text.plist.xml; path = Info.plist; sourceTree = "<group>"; };
		56F5B4171CC13E8F00218DA0 /* DrawerAppTests.xctest */ = {isa = PBXFileReference; explicitFileType = wrapper.cfbundle; includeInIndex = 0; path = DrawerAppTests.xctest; sourceTree = BUILT_PRODUCTS_DIR; };
		56F5B41B1CC13E8F00218DA0 /* DrawerAppTests.swift */ = {isa = PBXFileReference; lastKnownFileType = sourcecode.swift; path = DrawerAppTests.swift; sourceTree = "<group>"; };
		56F5B41D1CC13E8F00218DA0 /* Info.plist */ = {isa = PBXFileReference; lastKnownFileType = text.plist.xml; path = Info.plist; sourceTree = "<group>"; };
		56F5B4221CC13E8F00218DA0 /* DrawerAppUITests.xctest */ = {isa = PBXFileReference; explicitFileType = wrapper.cfbundle; includeInIndex = 0; path = DrawerAppUITests.xctest; sourceTree = BUILT_PRODUCTS_DIR; };
		56F5B4261CC13E8F00218DA0 /* DrawerAppUITests.swift */ = {isa = PBXFileReference; lastKnownFileType = sourcecode.swift; path = DrawerAppUITests.swift; sourceTree = "<group>"; };
		56F5B4281CC13E8F00218DA0 /* Info.plist */ = {isa = PBXFileReference; lastKnownFileType = text.plist.xml; path = Info.plist; sourceTree = "<group>"; };
		56F5B4341CC13F0300218DA0 /* Drawer.swift */ = {isa = PBXFileReference; fileEncoding = 4; lastKnownFileType = sourcecode.swift; path = Drawer.swift; sourceTree = "<group>"; };
		56F5B4361CC1410D00218DA0 /* Line.swift */ = {isa = PBXFileReference; fileEncoding = 4; lastKnownFileType = sourcecode.swift; path = Line.swift; sourceTree = "<group>"; };
/* End PBXFileReference section */

/* Begin PBXFrameworksBuildPhase section */
		56F5B4001CC13E8E00218DA0 /* Frameworks */ = {
			isa = PBXFrameworksBuildPhase;
			buildActionMask = 2147483647;
			files = (
			);
			runOnlyForDeploymentPostprocessing = 0;
		};
		56F5B4141CC13E8F00218DA0 /* Frameworks */ = {
			isa = PBXFrameworksBuildPhase;
			buildActionMask = 2147483647;
			files = (
			);
			runOnlyForDeploymentPostprocessing = 0;
		};
		56F5B41F1CC13E8F00218DA0 /* Frameworks */ = {
			isa = PBXFrameworksBuildPhase;
			buildActionMask = 2147483647;
			files = (
			);
			runOnlyForDeploymentPostprocessing = 0;
		};
/* End PBXFrameworksBuildPhase section */

/* Begin PBXGroup section */
		56F5B3FA1CC13E8E00218DA0 = {
			isa = PBXGroup;
			children = (
				56F5B4051CC13E8E00218DA0 /* DrawerApp */,
				56F5B41A1CC13E8F00218DA0 /* DrawerAppTests */,
				56F5B4251CC13E8F00218DA0 /* DrawerAppUITests */,
				56F5B4041CC13E8E00218DA0 /* Products */,
			);
			sourceTree = "<group>";
		};
		56F5B4041CC13E8E00218DA0 /* Products */ = {
			isa = PBXGroup;
			children = (
				56F5B4031CC13E8E00218DA0 /* DrawerApp.app */,
				56F5B4171CC13E8F00218DA0 /* DrawerAppTests.xctest */,
				56F5B4221CC13E8F00218DA0 /* DrawerAppUITests.xctest */,
			);
			name = Products;
			sourceTree = "<group>";
		};
		56F5B4051CC13E8E00218DA0 /* DrawerApp */ = {
			isa = PBXGroup;
			children = (
				56F5B4061CC13E8E00218DA0 /* AppDelegate.swift */,
				56F5B4081CC13E8E00218DA0 /* ViewController.swift */,
				56F5B40A1CC13E8E00218DA0 /* Main.storyboard */,
				56F5B4341CC13F0300218DA0 /* Drawer.swift */,
				56F5B4361CC1410D00218DA0 /* Line.swift */,
				56F5B40D1CC13E8E00218DA0 /* Assets.xcassets */,
				56F5B40F1CC13E8E00218DA0 /* LaunchScreen.storyboard */,
				56F5B4121CC13E8E00218DA0 /* Info.plist */,
			);
			path = DrawerApp;
			sourceTree = "<group>";
		};
		56F5B41A1CC13E8F00218DA0 /* DrawerAppTests */ = {
			isa = PBXGroup;
			children = (
				56F5B41B1CC13E8F00218DA0 /* DrawerAppTests.swift */,
				56F5B41D1CC13E8F00218DA0 /* Info.plist */,
			);
			path = DrawerAppTests;
			sourceTree = "<group>";
		};
		56F5B4251CC13E8F00218DA0 /* DrawerAppUITests */ = {
			isa = PBXGroup;
			children = (
				56F5B4261CC13E8F00218DA0 /* DrawerAppUITests.swift */,
				56F5B4281CC13E8F00218DA0 /* Info.plist */,
			);
			path = DrawerAppUITests;
			sourceTree = "<group>";
		};
/* End PBXGroup section */

/* Begin PBXNativeTarget section */
		56F5B4021CC13E8E00218DA0 /* DrawerApp */ = {
			isa = PBXNativeTarget;
			buildConfigurationList = 56F5B42B1CC13E8F00218DA0 /* Build configuration list for PBXNativeTarget "DrawerApp" */;
			buildPhases = (
				56F5B3FF1CC13E8E00218DA0 /* Sources */,
				56F5B4001CC13E8E00218DA0 /* Frameworks */,
				56F5B4011CC13E8E00218DA0 /* Resources */,
			);
			buildRules = (
			);
			dependencies = (
			);
			name = DrawerApp;
			productName = DrawerApp;
			productReference = 56F5B4031CC13E8E00218DA0 /* DrawerApp.app */;
			productType = "com.apple.product-type.application";
		};
		56F5B4161CC13E8F00218DA0 /* DrawerAppTests */ = {
			isa = PBXNativeTarget;
			buildConfigurationList = 56F5B42E1CC13E8F00218DA0 /* Build configuration list for PBXNativeTarget "DrawerAppTests" */;
			buildPhases = (
				56F5B4131CC13E8F00218DA0 /* Sources */,
				56F5B4141CC13E8F00218DA0 /* Frameworks */,
				56F5B4151CC13E8F00218DA0 /* Resources */,
			);
			buildRules = (
			);
			dependencies = (
				56F5B4191CC13E8F00218DA0 /* PBXTargetDependency */,
			);
			name = DrawerAppTests;
			productName = DrawerAppTests;
			productReference = 56F5B4171CC13E8F00218DA0 /* DrawerAppTests.xctest */;
			productType = "com.apple.product-type.bundle.unit-test";
		};
		56F5B4211CC13E8F00218DA0 /* DrawerAppUITests */ = {
			isa = PBXNativeTarget;
			buildConfigurationList = 56F5B4311CC13E8F00218DA0 /* Build configuration list for PBXNativeTarget "DrawerAppUITests" */;
			buildPhases = (
				56F5B41E1CC13E8F00218DA0 /* Sources */,
				56F5B41F1CC13E8F00218DA0 /* Frameworks */,
				56F5B4201CC13E8F00218DA0 /* Resources */,
			);
			buildRules = (
			);
			dependencies = (
				56F5B4241CC13E8F00218DA0 /* PBXTargetDependency */,
			);
			name = DrawerAppUITests;
			productName = DrawerAppUITests;
			productReference = 56F5B4221CC13E8F00218DA0 /* DrawerAppUITests.xctest */;
			productType = "com.apple.product-type.bundle.ui-testing";
		};
/* End PBXNativeTarget section */

/* Begin PBXProject section */
		56F5B3FB1CC13E8E00218DA0 /* Project object */ = {
			isa = PBXProject;
			attributes = {
				LastSwiftUpdateCheck = 0730;
				LastUpgradeCheck = 0730;
				ORGANIZATIONNAME = "Marcos Texeira";
				TargetAttributes = {
					56F5B4021CC13E8E00218DA0 = {
						CreatedOnToolsVersion = 7.3;
					};
					56F5B4161CC13E8F00218DA0 = {
						CreatedOnToolsVersion = 7.3;
						TestTargetID = 56F5B4021CC13E8E00218DA0;
					};
					56F5B4211CC13E8F00218DA0 = {
						CreatedOnToolsVersion = 7.3;
						TestTargetID = 56F5B4021CC13E8E00218DA0;
					};
				};
			};
			buildConfigurationList = 56F5B3FE1CC13E8E00218DA0 /* Build configuration list for PBXProject "DrawerApp" */;
			compatibilityVersion = "Xcode 3.2";
			developmentRegion = English;
			hasScannedForEncodings = 0;
			knownRegions = (
				en,
				Base,
			);
			mainGroup = 56F5B3FA1CC13E8E00218DA0;
			productRefGroup = 56F5B4041CC13E8E00218DA0 /* Products */;
			projectDirPath = "";
			projectRoot = "";
			targets = (
				56F5B4021CC13E8E00218DA0 /* DrawerApp */,
				56F5B4161CC13E8F00218DA0 /* DrawerAppTests */,
				56F5B4211CC13E8F00218DA0 /* DrawerAppUITests */,
			);
		};
/* End PBXProject section */

/* Begin PBXResourcesBuildPhase section */
		56F5B4011CC13E8E00218DA0 /* Resources */ = {
			isa = PBXResourcesBuildPhase;
			buildActionMask = 2147483647;
			files = (
				56F5B4111CC13E8E00218DA0 /* LaunchScreen.storyboard in Resources */,
				56F5B40E1CC13E8E00218DA0 /* Assets.xcassets in Resources */,
				56F5B40C1CC13E8E00218DA0 /* Main.storyboard in Resources */,
			);
			runOnlyForDeploymentPostprocessing = 0;
		};
		56F5B4151CC13E8F00218DA0 /* Resources */ = {
			isa = PBXResourcesBuildPhase;
			buildActionMask = 2147483647;
			files = (
			);
			runOnlyForDeploymentPostprocessing = 0;
		};
		56F5B4201CC13E8F00218DA0 /* Resources */ = {
			isa = PBXResourcesBuildPhase;
			buildActionMask = 2147483647;
			files = (
			);
			runOnlyForDeploymentPostprocessing = 0;
		};
/* End PBXResourcesBuildPhase section */

/* Begin PBXSourcesBuildPhase section */
		56F5B3FF1CC13E8E00218DA0 /* Sources */ = {
			isa = PBXSourcesBuildPhase;
			buildActionMask = 2147483647;
			files = (
				56F5B4091CC13E8E00218DA0 /* ViewController.swift in Sources */,
				56F5B4371CC1410D00218DA0 /* Line.swift in Sources */,
				56F5B4351CC13F0300218DA0 /* Drawer.swift in Sources */,
				56F5B4071CC13E8E00218DA0 /* AppDelegate.swift in Sources */,
			);
			runOnlyForDeploymentPostprocessing = 0;
		};
		56F5B4131CC13E8F00218DA0 /* Sources */ = {
			isa = PBXSourcesBuildPhase;
			buildActionMask = 2147483647;
			files = (
				56F5B41C1CC13E8F00218DA0 /* DrawerAppTests.swift in Sources */,
			);
			runOnlyForDeploymentPostprocessing = 0;
		};
		56F5B41E1CC13E8F00218DA0 /* Sources */ = {
			isa = PBXSourcesBuildPhase;
			buildActionMask = 2147483647;
			files = (
				56F5B4271CC13E8F00218DA0 /* DrawerAppUITests.swift in Sources */,
			);
			runOnlyForDeploymentPostprocessing = 0;
		};
/* End PBXSourcesBuildPhase section */

/* Begin PBXTargetDependency section */
		56F5B4191CC13E8F00218DA0 /* PBXTargetDependency */ = {
			isa = PBXTargetDependency;
			target = 56F5B4021CC13E8E00218DA0 /* DrawerApp */;
			targetProxy = 56F5B4181CC13E8F00218DA0 /* PBXContainerItemProxy */;
		};
		56F5B4241CC13E8F00218DA0 /* PBXTargetDependency */ = {
			isa = PBXTargetDependency;
			target = 56F5B4021CC13E8E00218DA0 /* DrawerApp */;
			targetProxy = 56F5B4231CC13E8F00218DA0 /* PBXContainerItemProxy */;
		};
/* End PBXTargetDependency section */

/* Begin PBXVariantGroup section */
		56F5B40A1CC13E8E00218DA0 /* Main.storyboard */ = {
			isa = PBXVariantGroup;
			children = (
				56F5B40B1CC13E8E00218DA0 /* Base */,
			);
			name = Main.storyboard;
			sourceTree = "<group>";
		};
		56F5B40F1CC13E8E00218DA0 /* LaunchScreen.storyboard */ = {
			isa = PBXVariantGroup;
			children = (
				56F5B4101CC13E8E00218DA0 /* Base */,
			);
			name = LaunchScreen.storyboard;
			sourceTree = "<group>";
		};
/* End PBXVariantGroup section */

/* Begin XCBuildConfiguration section */
		56F5B4291CC13E8F00218DA0 /* Debug */ = {
			isa = XCBuildConfiguration;
			buildSettings = {
				ALWAYS_SEARCH_USER_PATHS = NO;
				CLANG_ANALYZER_NONNULL = YES;
				CLANG_CXX_LANGUAGE_STANDARD = "gnu++0x";
				CLANG_CXX_LIBRARY = "libc++";
				CLANG_ENABLE_MODULES = YES;
				CLANG_ENABLE_OBJC_ARC = YES;
				CLANG_WARN_BOOL_CONVERSION = YES;
				CLANG_WARN_CONSTANT_CONVERSION = YES;
				CLANG_WARN_DIRECT_OBJC_ISA_USAGE = YES_ERROR;
				CLANG_WARN_EMPTY_BODY = YES;
				CLANG_WARN_ENUM_CONVERSION = YES;
				CLANG_WARN_INT_CONVERSION = YES;
				CLANG_WARN_OBJC_ROOT_CLASS = YES_ERROR;
				CLANG_WARN_UNREACHABLE_CODE = YES;
				CLANG_WARN__DUPLICATE_METHOD_MATCH = YES;
				"CODE_SIGN_IDENTITY[sdk=iphoneos*]" = "iPhone Developer";
				COPY_PHASE_STRIP = NO;
				DEBUG_INFORMATION_FORMAT = dwarf;
				ENABLE_STRICT_OBJC_MSGSEND = YES;
				ENABLE_TESTABILITY = YES;
				GCC_C_LANGUAGE_STANDARD = gnu99;
				GCC_DYNAMIC_NO_PIC = NO;
				GCC_NO_COMMON_BLOCKS = YES;
				GCC_OPTIMIZATION_LEVEL = 0;
				GCC_PREPROCESSOR_DEFINITIONS = (
					"DEBUG=1",
					"$(inherited)",
				);
				GCC_WARN_64_TO_32_BIT_CONVERSION = YES;
				GCC_WARN_ABOUT_RETURN_TYPE = YES_ERROR;
				GCC_WARN_UNDECLARED_SELECTOR = YES;
				GCC_WARN_UNINITIALIZED_AUTOS = YES_AGGRESSIVE;
				GCC_WARN_UNUSED_FUNCTION = YES;
				GCC_WARN_UNUSED_VARIABLE = YES;
				IPHONEOS_DEPLOYMENT_TARGET = 9.3;
				MTL_ENABLE_DEBUG_INFO = YES;
				ONLY_ACTIVE_ARCH = YES;
				SDKROOT = iphoneos;
				SWIFT_OPTIMIZATION_LEVEL = "-Onone";
			};
			name = Debug;
		};
		56F5B42A1CC13E8F00218DA0 /* Release */ = {
			isa = XCBuildConfiguration;
			buildSettings = {
				ALWAYS_SEARCH_USER_PATHS = NO;
				CLANG_ANALYZER_NONNULL = YES;
				CLANG_CXX_LANGUAGE_STANDARD = "gnu++0x";
				CLANG_CXX_LIBRARY = "libc++";
				CLANG_ENABLE_MODULES = YES;
				CLANG_ENABLE_OBJC_ARC = YES;
				CLANG_WARN_BOOL_CONVERSION = YES;
				CLANG_WARN_CONSTANT_CONVERSION = YES;
				CLANG_WARN_DIRECT_OBJC_ISA_USAGE = YES_ERROR;
				CLANG_WARN_EMPTY_BODY = YES;
				CLANG_WARN_ENUM_CONVERSION = YES;
				CLANG_WARN_INT_CONVERSION = YES;
				CLANG_WARN_OBJC_ROOT_CLASS = YES_ERROR;
				CLANG_WARN_UNREACHABLE_CODE = YES;
				CLANG_WARN__DUPLICATE_METHOD_MATCH = YES;
				"CODE_SIGN_IDENTITY[sdk=iphoneos*]" = "iPhone Developer";
				COPY_PHASE_STRIP = NO;
				DEBUG_INFORMATION_FORMAT = "dwarf-with-dsym";
				ENABLE_NS_ASSERTIONS = NO;
				ENABLE_STRICT_OBJC_MSGSEND = YES;
				GCC_C_LANGUAGE_STANDARD = gnu99;
				GCC_NO_COMMON_BLOCKS = YES;
				GCC_WARN_64_TO_32_BIT_CONVERSION = YES;
				GCC_WARN_ABOUT_RETURN_TYPE = YES_ERROR;
				GCC_WARN_UNDECLARED_SELECTOR = YES;
				GCC_WARN_UNINITIALIZED_AUTOS = YES_AGGRESSIVE;
				GCC_WARN_UNUSED_FUNCTION = YES;
				GCC_WARN_UNUSED_VARIABLE = YES;
				IPHONEOS_DEPLOYMENT_TARGET = 9.3;
				MTL_ENABLE_DEBUG_INFO = NO;
				SDKROOT = iphoneos;
				VALIDATE_PRODUCT = YES;
			};
			name = Release;
		};
		56F5B42C1CC13E8F00218DA0 /* Debug */ = {
			isa = XCBuildConfiguration;
			buildSettings = {
				ASSETCATALOG_COMPILER_APPICON_NAME = AppIcon;
				INFOPLIST_FILE = DrawerApp/Info.plist;
				LD_RUNPATH_SEARCH_PATHS = "$(inherited) @executable_path/Frameworks";
				PRODUCT_BUNDLE_IDENTIFIER = com.marcos.DrawerApp;
				PRODUCT_NAME = "$(TARGET_NAME)";
			};
			name = Debug;
		};
		56F5B42D1CC13E8F00218DA0 /* Release */ = {
			isa = XCBuildConfiguration;
			buildSettings = {
				ASSETCATALOG_COMPILER_APPICON_NAME = AppIcon;
				INFOPLIST_FILE = DrawerApp/Info.plist;
				LD_RUNPATH_SEARCH_PATHS = "$(inherited) @executable_path/Frameworks";
				PRODUCT_BUNDLE_IDENTIFIER = com.marcos.DrawerApp;
				PRODUCT_NAME = "$(TARGET_NAME)";
			};
			name = Release;
		};
		56F5B42F1CC13E8F00218DA0 /* Debug */ = {
			isa = XCBuildConfiguration;
			buildSettings = {
				BUNDLE_LOADER = "$(TEST_HOST)";
				INFOPLIST_FILE = DrawerAppTests/Info.plist;
				LD_RUNPATH_SEARCH_PATHS = "$(inherited) @executable_path/Frameworks @loader_path/Frameworks";
				PRODUCT_BUNDLE_IDENTIFIER = com.marcos.DrawerAppTests;
				PRODUCT_NAME = "$(TARGET_NAME)";
				TEST_HOST = "$(BUILT_PRODUCTS_DIR)/DrawerApp.app/DrawerApp";
			};
			name = Debug;
		};
		56F5B4301CC13E8F00218DA0 /* Release */ = {
			isa = XCBuildConfiguration;
			buildSettings = {
				BUNDLE_LOADER = "$(TEST_HOST)";
				INFOPLIST_FILE = DrawerAppTests/Info.plist;
				LD_RUNPATH_SEARCH_PATHS = "$(inherited) @executable_path/Frameworks @loader_path/Frameworks";
				PRODUCT_BUNDLE_IDENTIFIER = com.marcos.DrawerAppTests;
				PRODUCT_NAME = "$(TARGET_NAME)";
				TEST_HOST = "$(BUILT_PRODUCTS_DIR)/DrawerApp.app/DrawerApp";
			};
			name = Release;
		};
		56F5B4321CC13E8F00218DA0 /* Debug */ = {
			isa = XCBuildConfiguration;
			buildSettings = {
				INFOPLIST_FILE = DrawerAppUITests/Info.plist;
				LD_RUNPATH_SEARCH_PATHS = "$(inherited) @executable_path/Frameworks @loader_path/Frameworks";
				PRODUCT_BUNDLE_IDENTIFIER = com.marcos.DrawerAppUITests;
				PRODUCT_NAME = "$(TARGET_NAME)";
				TEST_TARGET_NAME = DrawerApp;
			};
			name = Debug;
		};
		56F5B4331CC13E8F00218DA0 /* Release */ = {
			isa = XCBuildConfiguration;
			buildSettings = {
				INFOPLIST_FILE = DrawerAppUITests/Info.plist;
				LD_RUNPATH_SEARCH_PATHS = "$(inherited) @executable_path/Frameworks @loader_path/Frameworks";
				PRODUCT_BUNDLE_IDENTIFIER = com.marcos.DrawerAppUITests;
				PRODUCT_NAME = "$(TARGET_NAME)";
				TEST_TARGET_NAME = DrawerApp;
			};
			name = Release;
		};
/* End XCBuildConfiguration section */

/* Begin XCConfigurationList section */
		56F5B3FE1CC13E8E00218DA0 /* Build configuration list for PBXProject "DrawerApp" */ = {
			isa = XCConfigurationList;
			buildConfigurations = (
				56F5B4291CC13E8F00218DA0 /* Debug */,
				56F5B42A1CC13E8F00218DA0 /* Release */,
			);
			defaultConfigurationIsVisible = 0;
			defaultConfigurationName = Release;
		};
		56F5B42B1CC13E8F00218DA0 /* Build configuration list for PBXNativeTarget "DrawerApp" */ = {
			isa = XCConfigurationList;
			buildConfigurations = (
				56F5B42C1CC13E8F00218DA0 /* Debug */,
				56F5B42D1CC13E8F00218DA0 /* Release */,
			);
			defaultConfigurationIsVisible = 0;
		};
		56F5B42E1CC13E8F00218DA0 /* Build configuration list for PBXNativeTarget "DrawerAppTests" */ = {
			isa = XCConfigurationList;
			buildConfigurations = (
				56F5B42F1CC13E8F00218DA0 /* Debug */,
				56F5B4301CC13E8F00218DA0 /* Release */,
			);
			defaultConfigurationIsVisible = 0;
		};
		56F5B4311CC13E8F00218DA0 /* Build configuration list for PBXNativeTarget "DrawerAppUITests" */ = {
			isa = XCConfigurationList;
			buildConfigurations = (
				56F5B4321CC13E8F00218DA0 /* Debug */,
				56F5B4331CC13E8F00218DA0 /* Release */,
			);
			defaultConfigurationIsVisible = 0;
		};
/* End XCConfigurationList section */
	};
	rootObject = 56F5B3FB1CC13E8E00218DA0 /* Project object */;
}
